>-
  PODS:
  - >-
    Backendless-ios-SDK (3.0.7)
  - >-
    Charts (2.2.2):
    - >-
      Charts/Core (= 2.2.2)
  - >-
    Charts/Core (2.2.2)
  - >-
    DZNEmptyDataSet (1.7.3)

>-
  DEPENDENCIES:
  - >-
    Backendless-ios-SDK
  - >-
    Charts
  - >-
    DZNEmptyDataSet

>-
  SPEC CHECKSUMS:
  >-
    Backendless-ios-SDK: >-
    acce000775d4f2c8caa4a40bca140fb192216772
  >-
    Charts: >-
    e32b718fa716bdb7693b9e419d6d4a39a3f7992e
  >-
    DZNEmptyDataSet: >-
    dd7cca17c1d07dfa78956859b1e70a52505678ef

>-
  PODFILE CHECKSUM: >-
  2ce24958f2d0339d5befd443853ba919cc9a8838

>-
  COCOAPODS: >-
  1.0.0.beta.3
